
Microsoft Visual Studio Solution File, Format Version 12.00
# Visual Studio Version 17
VisualStudioVersion = 17.4.33403.182
MinimumVisualStudioVersion = 10.0.40219.1
Project("{8BC9CEB8-8B4A-11D0-8D11-00A0C91BC942}") = "ActivityStructure_136", "ActivityStructure_136\ActivityStructure_136.vcxproj", "{BE3A8A77-DE09-4A6E-A391-FB73FA1D74BA}"
EndProject
Project("{8BC9CEB8-8B4A-11D0-8D11-00A0C91BC942}") = "Sructure2.cpp", "Sructure2.cpp\Sructure2.cpp.vcxproj", "{419A2195-5C84-4749-BD09-CB0660A434DE}"
EndProject
Project("{8BC9CEB8-8B4A-11D0-8D11-00A0C91BC942}") = "Structure3.cpp", "Structure3.cpp\Structure3.cpp.vcxproj", "{A71014AF-97F4-4D90-B333-FB973EC9A14E}"
EndProject
Global
	GlobalSection(SolutionConfigurationPlatforms) = preSolution
		Debug|x64 = Debug|x64
		Debug|x86 = Debug|x86
		Release|x64 = Release|x64
		Release|x86 = Release|x86
	EndGlobalSection
	GlobalSection(ProjectConfigurationPlatforms) = postSolution
		{BE3A8A77-DE09-4A6E-A391-FB73FA1D74BA}.Debug|x64.ActiveCfg = Debug|x64
		{BE3A8A77-DE09-4A6E-A391-FB73FA1D74BA}.Debug|x64.Build.0 = Debug|x64
		{BE3A8A77-DE09-4A6E-A391-FB73FA1D74BA}.Debug|x86.ActiveCfg = Debug|Win32
		{BE3A8A77-DE09-4A6E-A391-FB73FA1D74BA}.Debug|x86.Build.0 = Debug|Win32
		{BE3A8A77-DE09-4A6E-A391-FB73FA1D74BA}.Release|x64.ActiveCfg = Release|x64
		{BE3A8A77-DE09-4A6E-A391-FB73FA1D74BA}.Release|x64.Build.0 = Release|x64
		{BE3A8A77-DE09-4A6E-A391-FB73FA1D74BA}.Release|x86.ActiveCfg = Release|Win32
		{BE3A8A77-DE09-4A6E-A391-FB73FA1D74BA}.Release|x86.Build.0 = Release|Win32
		{419A2195-5C84-4749-BD09-CB0660A434DE}.Debug|x64.ActiveCfg = Debug|x64
		{419A2195-5C84-4749-BD09-CB0660A434DE}.Debug|x64.Build.0 = Debug|x64
		{419A2195-5C84-4749-BD09-CB0660A434DE}.Debug|x86.ActiveCfg = Debug|Win32
		{419A2195-5C84-4749-BD09-CB0660A434DE}.Debug|x86.Build.0 = Debug|Win32
		{419A2195-5C84-4749-BD09-CB0660A434DE}.Release|x64.ActiveCfg = Release|x64
		{419A2195-5C84-4749-BD09-CB0660A434DE}.Release|x64.Build.0 = Release|x64
		{419A2195-5C84-4749-BD09-CB0660A434DE}.Release|x86.ActiveCfg = Release|Win32
		{419A2195-5C84-4749-BD09-CB0660A434DE}.Release|x86.Build.0 = Release|Win32
		{A71014AF-97F4-4D90-B333-FB973EC9A14E}.Debug|x64.ActiveCfg = Debug|x64
		{A71014AF-97F4-4D90-B333-FB973EC9A14E}.Debug|x64.Build.0 = Debug|x64
		{A71014AF-97F4-4D90-B333-FB973EC9A14E}.Debug|x86.ActiveCfg = Debug|Win32
		{A71014AF-97F4-4D90-B333-FB973EC9A14E}.Debug|x86.Build.0 = Debug|Win32
		{A71014AF-97F4-4D90-B333-FB973EC9A14E}.Release|x64.ActiveCfg = Release|x64
		{A71014AF-97F4-4D90-B333-FB973EC9A14E}.Release|x64.Build.0 = Release|x64
		{A71014AF-97F4-4D90-B333-FB973EC9A14E}.Release|x86.ActiveCfg = Release|Win32
		{A71014AF-97F4-4D90-B333-FB973EC9A14E}.Release|x86.Build.0 = Release|Win32
	EndGlobalSection
	GlobalSection(SolutionProperties) = preSolution
		HideSolutionNode = FALSE
	EndGlobalSection
	GlobalSection(ExtensibilityGlobals) = postSolution
		SolutionGuid = {E611FD53-D446-4760-862A-889E5F6009AA}
	EndGlobalSection
EndGlobal
